<?xml version="1.0" encoding="utf-8"?>
<Project ToolsVersion="4.0" xmlns="http://schemas.microsoft.com/developer/msbuild/2003">
  <ItemGroup>
    <Filter Include="EngCore">
      <UniqueIdentifier>{28F337CB-94D2-B666-9DEA-413D09491DC8}</UniqueIdentifier>
    </Filter>
    <Filter Include="EngCore\Events">
      <UniqueIdentifier>{0C82275A-F84F-1B60-E1E3-8B86CD50F7C4}</UniqueIdentifier>
    </Filter>
    <Filter Include="EngCore\Layers">
      <UniqueIdentifier>{E76C0A69-D33A-FE6E-BCCE-6E95A83BDAD3}</UniqueIdentifier>
    </Filter>
    <Filter Include="EngCore\Platform">
      <UniqueIdentifier>{7C3C2E9E-6835-4DF0-9167-32757DBF2CFC}</UniqueIdentifier>
    </Filter>
    <Filter Include="EngCore\Platform\Win">
      <UniqueIdentifier>{5960CB4B-45EF-5415-EE0D-6910DA7B65BB}</UniqueIdentifier>
    </Filter>
  </ItemGroup>
  <ItemGroup>
    <ClInclude Include="src\EngCore\App.h">
      <Filter>EngCore</Filter>
    </ClInclude>
    <ClInclude Include="src\EngCore\Core.h">
      <Filter>EngCore</Filter>
    </ClInclude>
    <ClInclude Include="src\EngCore\EntryPoint.h">
      <Filter>EngCore</Filter>
    </ClInclude>
    <ClInclude Include="src\EngCore\Events\ApplicationEvent.h">
      <Filter>EngCore\Events</Filter>
    </ClInclude>
    <ClInclude Include="src\EngCore\Events\Event.h">
      <Filter>EngCore\Events</Filter>
    </ClInclude>
    <ClInclude Include="src\EngCore\Events\KeyEvent.h">
      <Filter>EngCore\Events</Filter>
    </ClInclude>
    <ClInclude Include="src\EngCore\Events\MouseEvent.h">
      <Filter>EngCore\Events</Filter>
    </ClInclude>
    <ClInclude Include="src\EngCore\Layers\Layer.h">
      <Filter>EngCore\Layers</Filter>
    </ClInclude>
    <ClInclude Include="src\EngCore\Layers\LayerStack.h">
      <Filter>EngCore\Layers</Filter>
    </ClInclude>
    <ClInclude Include="src\EngCore\Log.h">
      <Filter>EngCore</Filter>
    </ClInclude>
    <ClInclude Include="src\EngCore\Platform\Win\WindowWin.h">
      <Filter>EngCore\Platform\Win</Filter>
    </ClInclude>
    <ClInclude Include="src\EngCore\Window.h">
      <Filter>EngCore</Filter>
    </ClInclude>
    <ClInclude Include="src\EngX.h" />
    <ClInclude Include="src\eng_pch.h" />
  </ItemGroup>
  <ItemGroup>
    <ClCompile Include="src\EngCore\App.cpp">
      <Filter>EngCore</Filter>
    </ClCompile>
    <ClCompile Include="src\EngCore\Layers\Layer.cpp">
      <Filter>EngCore\Layers</Filter>
    </ClCompile>
    <ClCompile Include="src\EngCore\Layers\LayerStack.cpp">
      <Filter>EngCore\Layers</Filter>
    </ClCompile>
    <ClCompile Include="src\EngCore\Log.cpp">
      <Filter>EngCore</Filter>
    </ClCompile>
    <ClCompile Include="src\EngCore\Platform\Win\WindowWin.cpp">
      <Filter>EngCore\Platform\Win</Filter>
    </ClCompile>
    <ClCompile Include="src\eng_pch.cpp" />
  </ItemGroup>
</Project>